
Microsoft Visual Studio Solution File, Format Version 12.00
# Visual Studio 15
VisualStudioVersion = 15.0.27703.2018
MinimumVisualStudioVersion = 10.0.40219.1
Project("{FAE04EC0-301F-11D3-BF4B-00C04F79EFBC}") = "AsyncAwait", "AsyncAwait\AsyncAwait.csproj", "{004B00C4-4252-4976-B027-C68B38BCF7CF}"
EndProject
Project("{FAE04EC0-301F-11D3-BF4B-00C04F79EFBC}") = "ConsoleAppOne", "ConsoleAppOne\ConsoleAppOne.csproj", "{11497CC3-3554-4B80-BD91-95F4F548A8A1}"
EndProject
Global
	GlobalSection(SolutionConfigurationPlatforms) = preSolution
		Debug|Any CPU = Debug|Any CPU
		Release|Any CPU = Release|Any CPU
	EndGlobalSection
	GlobalSection(ProjectConfigurationPlatforms) = postSolution
		{004B00C4-4252-4976-B027-C68B38BCF7CF}.Debug|Any CPU.ActiveCfg = Debug|Any CPU
		{004B00C4-4252-4976-B027-C68B38BCF7CF}.Debug|Any CPU.Build.0 = Debug|Any CPU
		{004B00C4-4252-4976-B027-C68B38BCF7CF}.Release|Any CPU.ActiveCfg = Release|Any CPU
		{004B00C4-4252-4976-B027-C68B38BCF7CF}.Release|Any CPU.Build.0 = Release|Any CPU
		{11497CC3-3554-4B80-BD91-95F4F548A8A1}.Debug|Any CPU.ActiveCfg = Debug|Any CPU
		{11497CC3-3554-4B80-BD91-95F4F548A8A1}.Debug|Any CPU.Build.0 = Debug|Any CPU
		{11497CC3-3554-4B80-BD91-95F4F548A8A1}.Release|Any CPU.ActiveCfg = Release|Any CPU
		{11497CC3-3554-4B80-BD91-95F4F548A8A1}.Release|Any CPU.Build.0 = Release|Any CPU
	EndGlobalSection
	GlobalSection(SolutionProperties) = preSolution
		HideSolutionNode = FALSE
	EndGlobalSection
	GlobalSection(ExtensibilityGlobals) = postSolution
		SolutionGuid = {7E05AE15-3482-42D4-81D2-6340A016BF92}
	EndGlobalSection
EndGlobal
