
Microsoft Visual Studio Solution File, Format Version 12.00
# Visual Studio 15
VisualStudioVersion = 15.0.27004.2009
MinimumVisualStudioVersion = 10.0.40219.1
Project("{FAE04EC0-301F-11D3-BF4B-00C04F79EFBC}") = "WebLayerApi", "WebLayerApi\WebLayerApi.csproj", "{279DB260-3109-4719-8ED7-70F0E07F8EA7}"
EndProject
Project("{FAE04EC0-301F-11D3-BF4B-00C04F79EFBC}") = "WebLayerApi.Tests", "WebLayerApi.Tests\WebLayerApi.Tests.csproj", "{546D43BA-B722-4259-A47B-A8EF7ACE20F5}"
EndProject
Project("{888888A0-9F3D-457C-B088-3A5042F75D52}") = "PythonWebProj", "PythonWebProj\PythonWebProj.pyproj", "{353F329E-2EB0-4B93-9E7F-4316A0843F2C}"
EndProject
Project("{262852C6-CD72-467D-83FE-5EEB1973A190}") = "TSApp", "TSApp\TSApp.jsproj", "{0E656DCE-3183-4A62-A1C5-0B2E60A48151}"
EndProject
Project("{E24C65DC-7377-472B-9ABA-BC803B73C61A}") = "JavascriptApp", "ClientApps\JavascriptApp\", "{B6B949F1-5579-4A7E-AC9E-8EF00799E100}"
	ProjectSection(WebsiteProperties) = preProject
		TargetFrameworkMoniker = ".NETFramework,Version%3Dv4.6.1"
		Debug.AspNetCompiler.VirtualPath = "/localhost_63089"
		Debug.AspNetCompiler.PhysicalPath = "ClientApps\JavascriptApp\"
		Debug.AspNetCompiler.TargetPath = "PrecompiledWeb\localhost_63089\"
		Debug.AspNetCompiler.Updateable = "true"
		Debug.AspNetCompiler.ForceOverwrite = "true"
		Debug.AspNetCompiler.FixedNames = "false"
		Debug.AspNetCompiler.Debug = "True"
		Release.AspNetCompiler.VirtualPath = "/localhost_63089"
		Release.AspNetCompiler.PhysicalPath = "ClientApps\JavascriptApp\"
		Release.AspNetCompiler.TargetPath = "PrecompiledWeb\localhost_63089\"
		Release.AspNetCompiler.Updateable = "true"
		Release.AspNetCompiler.ForceOverwrite = "true"
		Release.AspNetCompiler.FixedNames = "false"
		Release.AspNetCompiler.Debug = "False"
		VWDPort = "63089"
		SlnRelativePath = "ClientApps\JavascriptApp\"
		DefaultWebSiteLanguage = "Visual C#"
	EndProjectSection
EndProject
Project("{FAE04EC0-301F-11D3-BF4B-00C04F79EFBC}") = "FullStack.OAuth", "FullStack.OAuth\FullStack.OAuth.csproj", "{D2ADEC19-531C-4877-93C0-8A34D5DADA19}"
EndProject
Project("{2150E333-8FDC-42A3-9474-1A3956D46DE8}") = "Certificate", "Certificate", "{372A07DC-916D-491B-A8B1-EC4565606499}"
	ProjectSection(SolutionItems) = preProject
		Certificate\fullstack.cer = Certificate\fullstack.cer
		Certificate\fullstack.ppk = Certificate\fullstack.ppk
		Certificate\idsrv3test.pfx = Certificate\idsrv3test.pfx
		Certificate\PassPhrase.txt = Certificate\PassPhrase.txt
	EndProjectSection
EndProject
Project("{FAE04EC0-301F-11D3-BF4B-00C04F79EFBC}") = "FullStack.Web", "FullStack.Web\FullStack.Web.csproj", "{BFD84554-89CC-424D-BA93-5A58EEE24B38}"
EndProject
Project("{FAE04EC0-301F-11D3-BF4B-00C04F79EFBC}") = "FullStack.SinglePageJSApp", "FullStack.SinglePageJSApp\FullStack.SinglePageJSApp.csproj", "{AB163927-1BCF-4702-A3C1-6F5D17BF3788}"
EndProject
Project("{FAE04EC0-301F-11D3-BF4B-00C04F79EFBC}") = "FullStack.Model", "FullStack.Model\FullStack.Model.csproj", "{B67929AF-1C7B-44A3-A683-BDB2938BC5CB}"
EndProject
Project("{FAE04EC0-301F-11D3-BF4B-00C04F79EFBC}") = "FullStack.DomainClasses", "FullStack.DomainClasses\FullStack.DomainClasses.csproj", "{E781E5AE-8541-4532-9B9B-CD30E46E8D6C}"
EndProject
Project("{FAE04EC0-301F-11D3-BF4B-00C04F79EFBC}") = "FullStack.DataLayer", "FullStack.DataLayer\FullStack.DataLayer.csproj", "{D94D568E-C91D-4BDD-A5D3-D954EC9D9E94}"
EndProject
Project("{FAE04EC0-301F-11D3-BF4B-00C04F79EFBC}") = "FullStack.EntityFrameworkConsole", "FullStack.EntityFrameworkConsole\FullStack.EntityFrameworkConsole.csproj", "{C71C037D-0228-453C-9646-5C479992A706}"
EndProject
Project("{00D1A9C2-B5F0-4AF3-8072-F6C62B433612}") = "FullStack.Dacpac", "FullStack.Dacpac\FullStack.Dacpac.sqlproj", "{97F3C36C-BEF0-4E7E-9128-6198D3540584}"
EndProject
Global
	GlobalSection(SolutionConfigurationPlatforms) = preSolution
		Debug|Android = Debug|Android
		Debug|Any CPU = Debug|Any CPU
		Debug|iOS = Debug|iOS
		Debug|Windows-ARM = Debug|Windows-ARM
		Debug|Windows-x64 = Debug|Windows-x64
		Debug|Windows-x86 = Debug|Windows-x86
		Release|Android = Release|Android
		Release|Any CPU = Release|Any CPU
		Release|iOS = Release|iOS
		Release|Windows-ARM = Release|Windows-ARM
		Release|Windows-x64 = Release|Windows-x64
		Release|Windows-x86 = Release|Windows-x86
	EndGlobalSection
	GlobalSection(ProjectConfigurationPlatforms) = postSolution
		{279DB260-3109-4719-8ED7-70F0E07F8EA7}.Debug|Android.ActiveCfg = Debug|Any CPU
		{279DB260-3109-4719-8ED7-70F0E07F8EA7}.Debug|Android.Build.0 = Debug|Any CPU
		{279DB260-3109-4719-8ED7-70F0E07F8EA7}.Debug|Any CPU.ActiveCfg = Debug|Any CPU
		{279DB260-3109-4719-8ED7-70F0E07F8EA7}.Debug|Any CPU.Build.0 = Debug|Any CPU
		{279DB260-3109-4719-8ED7-70F0E07F8EA7}.Debug|iOS.ActiveCfg = Debug|Any CPU
		{279DB260-3109-4719-8ED7-70F0E07F8EA7}.Debug|iOS.Build.0 = Debug|Any CPU
		{279DB260-3109-4719-8ED7-70F0E07F8EA7}.Debug|Windows-ARM.ActiveCfg = Debug|Any CPU
		{279DB260-3109-4719-8ED7-70F0E07F8EA7}.Debug|Windows-ARM.Build.0 = Debug|Any CPU
		{279DB260-3109-4719-8ED7-70F0E07F8EA7}.Debug|Windows-x64.ActiveCfg = Debug|Any CPU
		{279DB260-3109-4719-8ED7-70F0E07F8EA7}.Debug|Windows-x64.Build.0 = Debug|Any CPU
		{279DB260-3109-4719-8ED7-70F0E07F8EA7}.Debug|Windows-x86.ActiveCfg = Debug|Any CPU
		{279DB260-3109-4719-8ED7-70F0E07F8EA7}.Debug|Windows-x86.Build.0 = Debug|Any CPU
		{279DB260-3109-4719-8ED7-70F0E07F8EA7}.Release|Android.ActiveCfg = Release|Any CPU
		{279DB260-3109-4719-8ED7-70F0E07F8EA7}.Release|Android.Build.0 = Release|Any CPU
		{279DB260-3109-4719-8ED7-70F0E07F8EA7}.Release|Any CPU.ActiveCfg = Release|Any CPU
		{279DB260-3109-4719-8ED7-70F0E07F8EA7}.Release|Any CPU.Build.0 = Release|Any CPU
		{279DB260-3109-4719-8ED7-70F0E07F8EA7}.Release|iOS.ActiveCfg = Release|Any CPU
		{279DB260-3109-4719-8ED7-70F0E07F8EA7}.Release|iOS.Build.0 = Release|Any CPU
		{279DB260-3109-4719-8ED7-70F0E07F8EA7}.Release|Windows-ARM.ActiveCfg = Release|Any CPU
		{279DB260-3109-4719-8ED7-70F0E07F8EA7}.Release|Windows-ARM.Build.0 = Release|Any CPU
		{279DB260-3109-4719-8ED7-70F0E07F8EA7}.Release|Windows-x64.ActiveCfg = Release|Any CPU
		{279DB260-3109-4719-8ED7-70F0E07F8EA7}.Release|Windows-x64.Build.0 = Release|Any CPU
		{279DB260-3109-4719-8ED7-70F0E07F8EA7}.Release|Windows-x86.ActiveCfg = Release|Any CPU
		{279DB260-3109-4719-8ED7-70F0E07F8EA7}.Release|Windows-x86.Build.0 = Release|Any CPU
		{546D43BA-B722-4259-A47B-A8EF7ACE20F5}.Debug|Android.ActiveCfg = Debug|Any CPU
		{546D43BA-B722-4259-A47B-A8EF7ACE20F5}.Debug|Android.Build.0 = Debug|Any CPU
		{546D43BA-B722-4259-A47B-A8EF7ACE20F5}.Debug|Any CPU.ActiveCfg = Debug|Any CPU
		{546D43BA-B722-4259-A47B-A8EF7ACE20F5}.Debug|Any CPU.Build.0 = Debug|Any CPU
		{546D43BA-B722-4259-A47B-A8EF7ACE20F5}.Debug|iOS.ActiveCfg = Debug|Any CPU
		{546D43BA-B722-4259-A47B-A8EF7ACE20F5}.Debug|iOS.Build.0 = Debug|Any CPU
		{546D43BA-B722-4259-A47B-A8EF7ACE20F5}.Debug|Windows-ARM.ActiveCfg = Debug|Any CPU
		{546D43BA-B722-4259-A47B-A8EF7ACE20F5}.Debug|Windows-ARM.Build.0 = Debug|Any CPU
		{546D43BA-B722-4259-A47B-A8EF7ACE20F5}.Debug|Windows-x64.ActiveCfg = Debug|Any CPU
		{546D43BA-B722-4259-A47B-A8EF7ACE20F5}.Debug|Windows-x64.Build.0 = Debug|Any CPU
		{546D43BA-B722-4259-A47B-A8EF7ACE20F5}.Debug|Windows-x86.ActiveCfg = Debug|Any CPU
		{546D43BA-B722-4259-A47B-A8EF7ACE20F5}.Debug|Windows-x86.Build.0 = Debug|Any CPU
		{546D43BA-B722-4259-A47B-A8EF7ACE20F5}.Release|Android.ActiveCfg = Release|Any CPU
		{546D43BA-B722-4259-A47B-A8EF7ACE20F5}.Release|Android.Build.0 = Release|Any CPU
		{546D43BA-B722-4259-A47B-A8EF7ACE20F5}.Release|Any CPU.ActiveCfg = Release|Any CPU
		{546D43BA-B722-4259-A47B-A8EF7ACE20F5}.Release|Any CPU.Build.0 = Release|Any CPU
		{546D43BA-B722-4259-A47B-A8EF7ACE20F5}.Release|iOS.ActiveCfg = Release|Any CPU
		{546D43BA-B722-4259-A47B-A8EF7ACE20F5}.Release|iOS.Build.0 = Release|Any CPU
		{546D43BA-B722-4259-A47B-A8EF7ACE20F5}.Release|Windows-ARM.ActiveCfg = Release|Any CPU
		{546D43BA-B722-4259-A47B-A8EF7ACE20F5}.Release|Windows-ARM.Build.0 = Release|Any CPU
		{546D43BA-B722-4259-A47B-A8EF7ACE20F5}.Release|Windows-x64.ActiveCfg = Release|Any CPU
		{546D43BA-B722-4259-A47B-A8EF7ACE20F5}.Release|Windows-x64.Build.0 = Release|Any CPU
		{546D43BA-B722-4259-A47B-A8EF7ACE20F5}.Release|Windows-x86.ActiveCfg = Release|Any CPU
		{546D43BA-B722-4259-A47B-A8EF7ACE20F5}.Release|Windows-x86.Build.0 = Release|Any CPU
		{353F329E-2EB0-4B93-9E7F-4316A0843F2C}.Debug|Android.ActiveCfg = Debug|Any CPU
		{353F329E-2EB0-4B93-9E7F-4316A0843F2C}.Debug|Android.Build.0 = Debug|Any CPU
		{353F329E-2EB0-4B93-9E7F-4316A0843F2C}.Debug|Any CPU.ActiveCfg = Debug|Any CPU
		{353F329E-2EB0-4B93-9E7F-4316A0843F2C}.Debug|Any CPU.Build.0 = Debug|Any CPU
		{353F329E-2EB0-4B93-9E7F-4316A0843F2C}.Debug|iOS.ActiveCfg = Debug|Any CPU
		{353F329E-2EB0-4B93-9E7F-4316A0843F2C}.Debug|iOS.Build.0 = Debug|Any CPU
		{353F329E-2EB0-4B93-9E7F-4316A0843F2C}.Debug|Windows-ARM.ActiveCfg = Debug|Any CPU
		{353F329E-2EB0-4B93-9E7F-4316A0843F2C}.Debug|Windows-ARM.Build.0 = Debug|Any CPU
		{353F329E-2EB0-4B93-9E7F-4316A0843F2C}.Debug|Windows-x64.ActiveCfg = Debug|Any CPU
		{353F329E-2EB0-4B93-9E7F-4316A0843F2C}.Debug|Windows-x64.Build.0 = Debug|Any CPU
		{353F329E-2EB0-4B93-9E7F-4316A0843F2C}.Debug|Windows-x86.ActiveCfg = Debug|Any CPU
		{353F329E-2EB0-4B93-9E7F-4316A0843F2C}.Debug|Windows-x86.Build.0 = Debug|Any CPU
		{353F329E-2EB0-4B93-9E7F-4316A0843F2C}.Release|Android.ActiveCfg = Release|Any CPU
		{353F329E-2EB0-4B93-9E7F-4316A0843F2C}.Release|Android.Build.0 = Release|Any CPU
		{353F329E-2EB0-4B93-9E7F-4316A0843F2C}.Release|Any CPU.ActiveCfg = Release|Any CPU
		{353F329E-2EB0-4B93-9E7F-4316A0843F2C}.Release|Any CPU.Build.0 = Release|Any CPU
		{353F329E-2EB0-4B93-9E7F-4316A0843F2C}.Release|iOS.ActiveCfg = Release|Any CPU
		{353F329E-2EB0-4B93-9E7F-4316A0843F2C}.Release|iOS.Build.0 = Release|Any CPU
		{353F329E-2EB0-4B93-9E7F-4316A0843F2C}.Release|Windows-ARM.ActiveCfg = Release|Any CPU
		{353F329E-2EB0-4B93-9E7F-4316A0843F2C}.Release|Windows-ARM.Build.0 = Release|Any CPU
		{353F329E-2EB0-4B93-9E7F-4316A0843F2C}.Release|Windows-x64.ActiveCfg = Release|Any CPU
		{353F329E-2EB0-4B93-9E7F-4316A0843F2C}.Release|Windows-x64.Build.0 = Release|Any CPU
		{353F329E-2EB0-4B93-9E7F-4316A0843F2C}.Release|Windows-x86.ActiveCfg = Release|Any CPU
		{353F329E-2EB0-4B93-9E7F-4316A0843F2C}.Release|Windows-x86.Build.0 = Release|Any CPU
		{0E656DCE-3183-4A62-A1C5-0B2E60A48151}.Debug|Android.ActiveCfg = Debug|Android
		{0E656DCE-3183-4A62-A1C5-0B2E60A48151}.Debug|Android.Build.0 = Debug|Android
		{0E656DCE-3183-4A62-A1C5-0B2E60A48151}.Debug|Android.Deploy.0 = Debug|Android
		{0E656DCE-3183-4A62-A1C5-0B2E60A48151}.Debug|Any CPU.ActiveCfg = Debug|Android
		{0E656DCE-3183-4A62-A1C5-0B2E60A48151}.Debug|iOS.ActiveCfg = Debug|iOS
		{0E656DCE-3183-4A62-A1C5-0B2E60A48151}.Debug|iOS.Build.0 = Debug|iOS
		{0E656DCE-3183-4A62-A1C5-0B2E60A48151}.Debug|iOS.Deploy.0 = Debug|iOS
		{0E656DCE-3183-4A62-A1C5-0B2E60A48151}.Debug|Windows-ARM.ActiveCfg = Debug|Windows-ARM
		{0E656DCE-3183-4A62-A1C5-0B2E60A48151}.Debug|Windows-ARM.Build.0 = Debug|Windows-ARM
		{0E656DCE-3183-4A62-A1C5-0B2E60A48151}.Debug|Windows-ARM.Deploy.0 = Debug|Windows-ARM
		{0E656DCE-3183-4A62-A1C5-0B2E60A48151}.Debug|Windows-x64.ActiveCfg = Debug|Windows-x64
		{0E656DCE-3183-4A62-A1C5-0B2E60A48151}.Debug|Windows-x64.Build.0 = Debug|Windows-x64
		{0E656DCE-3183-4A62-A1C5-0B2E60A48151}.Debug|Windows-x64.Deploy.0 = Debug|Windows-x64
		{0E656DCE-3183-4A62-A1C5-0B2E60A48151}.Debug|Windows-x86.ActiveCfg = Debug|Windows-x86
		{0E656DCE-3183-4A62-A1C5-0B2E60A48151}.Debug|Windows-x86.Build.0 = Debug|Windows-x86
		{0E656DCE-3183-4A62-A1C5-0B2E60A48151}.Debug|Windows-x86.Deploy.0 = Debug|Windows-x86
		{0E656DCE-3183-4A62-A1C5-0B2E60A48151}.Release|Android.ActiveCfg = Release|Android
		{0E656DCE-3183-4A62-A1C5-0B2E60A48151}.Release|Android.Build.0 = Release|Android
		{0E656DCE-3183-4A62-A1C5-0B2E60A48151}.Release|Android.Deploy.0 = Release|Android
		{0E656DCE-3183-4A62-A1C5-0B2E60A48151}.Release|Any CPU.ActiveCfg = Release|Android
		{0E656DCE-3183-4A62-A1C5-0B2E60A48151}.Release|iOS.ActiveCfg = Release|iOS
		{0E656DCE-3183-4A62-A1C5-0B2E60A48151}.Release|iOS.Build.0 = Release|iOS
		{0E656DCE-3183-4A62-A1C5-0B2E60A48151}.Release|iOS.Deploy.0 = Release|iOS
		{0E656DCE-3183-4A62-A1C5-0B2E60A48151}.Release|Windows-ARM.ActiveCfg = Release|Windows-ARM
		{0E656DCE-3183-4A62-A1C5-0B2E60A48151}.Release|Windows-ARM.Build.0 = Release|Windows-ARM
		{0E656DCE-3183-4A62-A1C5-0B2E60A48151}.Release|Windows-ARM.Deploy.0 = Release|Windows-ARM
		{0E656DCE-3183-4A62-A1C5-0B2E60A48151}.Release|Windows-x64.ActiveCfg = Release|Windows-x64
		{0E656DCE-3183-4A62-A1C5-0B2E60A48151}.Release|Windows-x64.Build.0 = Release|Windows-x64
		{0E656DCE-3183-4A62-A1C5-0B2E60A48151}.Release|Windows-x64.Deploy.0 = Release|Windows-x64
		{0E656DCE-3183-4A62-A1C5-0B2E60A48151}.Release|Windows-x86.ActiveCfg = Release|Windows-x86
		{0E656DCE-3183-4A62-A1C5-0B2E60A48151}.Release|Windows-x86.Build.0 = Release|Windows-x86
		{0E656DCE-3183-4A62-A1C5-0B2E60A48151}.Release|Windows-x86.Deploy.0 = Release|Windows-x86
		{B6B949F1-5579-4A7E-AC9E-8EF00799E100}.Debug|Android.ActiveCfg = Debug|Any CPU
		{B6B949F1-5579-4A7E-AC9E-8EF00799E100}.Debug|Android.Build.0 = Debug|Any CPU
		{B6B949F1-5579-4A7E-AC9E-8EF00799E100}.Debug|Any CPU.ActiveCfg = Debug|Any CPU
		{B6B949F1-5579-4A7E-AC9E-8EF00799E100}.Debug|Any CPU.Build.0 = Debug|Any CPU
		{B6B949F1-5579-4A7E-AC9E-8EF00799E100}.Debug|iOS.ActiveCfg = Debug|Any CPU
		{B6B949F1-5579-4A7E-AC9E-8EF00799E100}.Debug|iOS.Build.0 = Debug|Any CPU
		{B6B949F1-5579-4A7E-AC9E-8EF00799E100}.Debug|Windows-ARM.ActiveCfg = Debug|Any CPU
		{B6B949F1-5579-4A7E-AC9E-8EF00799E100}.Debug|Windows-ARM.Build.0 = Debug|Any CPU
		{B6B949F1-5579-4A7E-AC9E-8EF00799E100}.Debug|Windows-x64.ActiveCfg = Debug|Any CPU
		{B6B949F1-5579-4A7E-AC9E-8EF00799E100}.Debug|Windows-x64.Build.0 = Debug|Any CPU
		{B6B949F1-5579-4A7E-AC9E-8EF00799E100}.Debug|Windows-x86.ActiveCfg = Debug|Any CPU
		{B6B949F1-5579-4A7E-AC9E-8EF00799E100}.Debug|Windows-x86.Build.0 = Debug|Any CPU
		{B6B949F1-5579-4A7E-AC9E-8EF00799E100}.Release|Android.ActiveCfg = Debug|Any CPU
		{B6B949F1-5579-4A7E-AC9E-8EF00799E100}.Release|Android.Build.0 = Debug|Any CPU
		{B6B949F1-5579-4A7E-AC9E-8EF00799E100}.Release|Any CPU.ActiveCfg = Debug|Any CPU
		{B6B949F1-5579-4A7E-AC9E-8EF00799E100}.Release|Any CPU.Build.0 = Debug|Any CPU
		{B6B949F1-5579-4A7E-AC9E-8EF00799E100}.Release|iOS.ActiveCfg = Debug|Any CPU
		{B6B949F1-5579-4A7E-AC9E-8EF00799E100}.Release|iOS.Build.0 = Debug|Any CPU
		{B6B949F1-5579-4A7E-AC9E-8EF00799E100}.Release|Windows-ARM.ActiveCfg = Debug|Any CPU
		{B6B949F1-5579-4A7E-AC9E-8EF00799E100}.Release|Windows-ARM.Build.0 = Debug|Any CPU
		{B6B949F1-5579-4A7E-AC9E-8EF00799E100}.Release|Windows-x64.ActiveCfg = Debug|Any CPU
		{B6B949F1-5579-4A7E-AC9E-8EF00799E100}.Release|Windows-x64.Build.0 = Debug|Any CPU
		{B6B949F1-5579-4A7E-AC9E-8EF00799E100}.Release|Windows-x86.ActiveCfg = Debug|Any CPU
		{B6B949F1-5579-4A7E-AC9E-8EF00799E100}.Release|Windows-x86.Build.0 = Debug|Any CPU
		{D2ADEC19-531C-4877-93C0-8A34D5DADA19}.Debug|Android.ActiveCfg = Debug|Any CPU
		{D2ADEC19-531C-4877-93C0-8A34D5DADA19}.Debug|Android.Build.0 = Debug|Any CPU
		{D2ADEC19-531C-4877-93C0-8A34D5DADA19}.Debug|Any CPU.ActiveCfg = Debug|Any CPU
		{D2ADEC19-531C-4877-93C0-8A34D5DADA19}.Debug|Any CPU.Build.0 = Debug|Any CPU
		{D2ADEC19-531C-4877-93C0-8A34D5DADA19}.Debug|iOS.ActiveCfg = Debug|Any CPU
		{D2ADEC19-531C-4877-93C0-8A34D5DADA19}.Debug|iOS.Build.0 = Debug|Any CPU
		{D2ADEC19-531C-4877-93C0-8A34D5DADA19}.Debug|Windows-ARM.ActiveCfg = Debug|Any CPU
		{D2ADEC19-531C-4877-93C0-8A34D5DADA19}.Debug|Windows-ARM.Build.0 = Debug|Any CPU
		{D2ADEC19-531C-4877-93C0-8A34D5DADA19}.Debug|Windows-x64.ActiveCfg = Debug|Any CPU
		{D2ADEC19-531C-4877-93C0-8A34D5DADA19}.Debug|Windows-x64.Build.0 = Debug|Any CPU
		{D2ADEC19-531C-4877-93C0-8A34D5DADA19}.Debug|Windows-x86.ActiveCfg = Debug|Any CPU
		{D2ADEC19-531C-4877-93C0-8A34D5DADA19}.Debug|Windows-x86.Build.0 = Debug|Any CPU
		{D2ADEC19-531C-4877-93C0-8A34D5DADA19}.Release|Android.ActiveCfg = Release|Any CPU
		{D2ADEC19-531C-4877-93C0-8A34D5DADA19}.Release|Android.Build.0 = Release|Any CPU
		{D2ADEC19-531C-4877-93C0-8A34D5DADA19}.Release|Any CPU.ActiveCfg = Release|Any CPU
		{D2ADEC19-531C-4877-93C0-8A34D5DADA19}.Release|Any CPU.Build.0 = Release|Any CPU
		{D2ADEC19-531C-4877-93C0-8A34D5DADA19}.Release|iOS.ActiveCfg = Release|Any CPU
		{D2ADEC19-531C-4877-93C0-8A34D5DADA19}.Release|iOS.Build.0 = Release|Any CPU
		{D2ADEC19-531C-4877-93C0-8A34D5DADA19}.Release|Windows-ARM.ActiveCfg = Release|Any CPU
		{D2ADEC19-531C-4877-93C0-8A34D5DADA19}.Release|Windows-ARM.Build.0 = Release|Any CPU
		{D2ADEC19-531C-4877-93C0-8A34D5DADA19}.Release|Windows-x64.ActiveCfg = Release|Any CPU
		{D2ADEC19-531C-4877-93C0-8A34D5DADA19}.Release|Windows-x64.Build.0 = Release|Any CPU
		{D2ADEC19-531C-4877-93C0-8A34D5DADA19}.Release|Windows-x86.ActiveCfg = Release|Any CPU
		{D2ADEC19-531C-4877-93C0-8A34D5DADA19}.Release|Windows-x86.Build.0 = Release|Any CPU
		{BFD84554-89CC-424D-BA93-5A58EEE24B38}.Debug|Android.ActiveCfg = Debug|Any CPU
		{BFD84554-89CC-424D-BA93-5A58EEE24B38}.Debug|Android.Build.0 = Debug|Any CPU
		{BFD84554-89CC-424D-BA93-5A58EEE24B38}.Debug|Any CPU.ActiveCfg = Debug|Any CPU
		{BFD84554-89CC-424D-BA93-5A58EEE24B38}.Debug|Any CPU.Build.0 = Debug|Any CPU
		{BFD84554-89CC-424D-BA93-5A58EEE24B38}.Debug|iOS.ActiveCfg = Debug|Any CPU
		{BFD84554-89CC-424D-BA93-5A58EEE24B38}.Debug|iOS.Build.0 = Debug|Any CPU
		{BFD84554-89CC-424D-BA93-5A58EEE24B38}.Debug|Windows-ARM.ActiveCfg = Debug|Any CPU
		{BFD84554-89CC-424D-BA93-5A58EEE24B38}.Debug|Windows-ARM.Build.0 = Debug|Any CPU
		{BFD84554-89CC-424D-BA93-5A58EEE24B38}.Debug|Windows-x64.ActiveCfg = Debug|Any CPU
		{BFD84554-89CC-424D-BA93-5A58EEE24B38}.Debug|Windows-x64.Build.0 = Debug|Any CPU
		{BFD84554-89CC-424D-BA93-5A58EEE24B38}.Debug|Windows-x86.ActiveCfg = Debug|Any CPU
		{BFD84554-89CC-424D-BA93-5A58EEE24B38}.Debug|Windows-x86.Build.0 = Debug|Any CPU
		{BFD84554-89CC-424D-BA93-5A58EEE24B38}.Release|Android.ActiveCfg = Release|Any CPU
		{BFD84554-89CC-424D-BA93-5A58EEE24B38}.Release|Android.Build.0 = Release|Any CPU
		{BFD84554-89CC-424D-BA93-5A58EEE24B38}.Release|Any CPU.ActiveCfg = Release|Any CPU
		{BFD84554-89CC-424D-BA93-5A58EEE24B38}.Release|Any CPU.Build.0 = Release|Any CPU
		{BFD84554-89CC-424D-BA93-5A58EEE24B38}.Release|iOS.ActiveCfg = Release|Any CPU
		{BFD84554-89CC-424D-BA93-5A58EEE24B38}.Release|iOS.Build.0 = Release|Any CPU
		{BFD84554-89CC-424D-BA93-5A58EEE24B38}.Release|Windows-ARM.ActiveCfg = Release|Any CPU
		{BFD84554-89CC-424D-BA93-5A58EEE24B38}.Release|Windows-ARM.Build.0 = Release|Any CPU
		{BFD84554-89CC-424D-BA93-5A58EEE24B38}.Release|Windows-x64.ActiveCfg = Release|Any CPU
		{BFD84554-89CC-424D-BA93-5A58EEE24B38}.Release|Windows-x64.Build.0 = Release|Any CPU
		{BFD84554-89CC-424D-BA93-5A58EEE24B38}.Release|Windows-x86.ActiveCfg = Release|Any CPU
		{BFD84554-89CC-424D-BA93-5A58EEE24B38}.Release|Windows-x86.Build.0 = Release|Any CPU
		{AB163927-1BCF-4702-A3C1-6F5D17BF3788}.Debug|Android.ActiveCfg = Debug|Any CPU
		{AB163927-1BCF-4702-A3C1-6F5D17BF3788}.Debug|Android.Build.0 = Debug|Any CPU
		{AB163927-1BCF-4702-A3C1-6F5D17BF3788}.Debug|Any CPU.ActiveCfg = Debug|Any CPU
		{AB163927-1BCF-4702-A3C1-6F5D17BF3788}.Debug|Any CPU.Build.0 = Debug|Any CPU
		{AB163927-1BCF-4702-A3C1-6F5D17BF3788}.Debug|iOS.ActiveCfg = Debug|Any CPU
		{AB163927-1BCF-4702-A3C1-6F5D17BF3788}.Debug|iOS.Build.0 = Debug|Any CPU
		{AB163927-1BCF-4702-A3C1-6F5D17BF3788}.Debug|Windows-ARM.ActiveCfg = Debug|Any CPU
		{AB163927-1BCF-4702-A3C1-6F5D17BF3788}.Debug|Windows-ARM.Build.0 = Debug|Any CPU
		{AB163927-1BCF-4702-A3C1-6F5D17BF3788}.Debug|Windows-x64.ActiveCfg = Debug|Any CPU
		{AB163927-1BCF-4702-A3C1-6F5D17BF3788}.Debug|Windows-x64.Build.0 = Debug|Any CPU
		{AB163927-1BCF-4702-A3C1-6F5D17BF3788}.Debug|Windows-x86.ActiveCfg = Debug|Any CPU
		{AB163927-1BCF-4702-A3C1-6F5D17BF3788}.Debug|Windows-x86.Build.0 = Debug|Any CPU
		{AB163927-1BCF-4702-A3C1-6F5D17BF3788}.Release|Android.ActiveCfg = Release|Any CPU
		{AB163927-1BCF-4702-A3C1-6F5D17BF3788}.Release|Android.Build.0 = Release|Any CPU
		{AB163927-1BCF-4702-A3C1-6F5D17BF3788}.Release|Any CPU.ActiveCfg = Release|Any CPU
		{AB163927-1BCF-4702-A3C1-6F5D17BF3788}.Release|Any CPU.Build.0 = Release|Any CPU
		{AB163927-1BCF-4702-A3C1-6F5D17BF3788}.Release|iOS.ActiveCfg = Release|Any CPU
		{AB163927-1BCF-4702-A3C1-6F5D17BF3788}.Release|iOS.Build.0 = Release|Any CPU
		{AB163927-1BCF-4702-A3C1-6F5D17BF3788}.Release|Windows-ARM.ActiveCfg = Release|Any CPU
		{AB163927-1BCF-4702-A3C1-6F5D17BF3788}.Release|Windows-ARM.Build.0 = Release|Any CPU
		{AB163927-1BCF-4702-A3C1-6F5D17BF3788}.Release|Windows-x64.ActiveCfg = Release|Any CPU
		{AB163927-1BCF-4702-A3C1-6F5D17BF3788}.Release|Windows-x64.Build.0 = Release|Any CPU
		{AB163927-1BCF-4702-A3C1-6F5D17BF3788}.Release|Windows-x86.ActiveCfg = Release|Any CPU
		{AB163927-1BCF-4702-A3C1-6F5D17BF3788}.Release|Windows-x86.Build.0 = Release|Any CPU
		{B67929AF-1C7B-44A3-A683-BDB2938BC5CB}.Debug|Android.ActiveCfg = Debug|Any CPU
		{B67929AF-1C7B-44A3-A683-BDB2938BC5CB}.Debug|Android.Build.0 = Debug|Any CPU
		{B67929AF-1C7B-44A3-A683-BDB2938BC5CB}.Debug|Any CPU.ActiveCfg = Debug|Any CPU
		{B67929AF-1C7B-44A3-A683-BDB2938BC5CB}.Debug|Any CPU.Build.0 = Debug|Any CPU
		{B67929AF-1C7B-44A3-A683-BDB2938BC5CB}.Debug|iOS.ActiveCfg = Debug|Any CPU
		{B67929AF-1C7B-44A3-A683-BDB2938BC5CB}.Debug|iOS.Build.0 = Debug|Any CPU
		{B67929AF-1C7B-44A3-A683-BDB2938BC5CB}.Debug|Windows-ARM.ActiveCfg = Debug|Any CPU
		{B67929AF-1C7B-44A3-A683-BDB2938BC5CB}.Debug|Windows-ARM.Build.0 = Debug|Any CPU
		{B67929AF-1C7B-44A3-A683-BDB2938BC5CB}.Debug|Windows-x64.ActiveCfg = Debug|Any CPU
		{B67929AF-1C7B-44A3-A683-BDB2938BC5CB}.Debug|Windows-x64.Build.0 = Debug|Any CPU
		{B67929AF-1C7B-44A3-A683-BDB2938BC5CB}.Debug|Windows-x86.ActiveCfg = Debug|Any CPU
		{B67929AF-1C7B-44A3-A683-BDB2938BC5CB}.Debug|Windows-x86.Build.0 = Debug|Any CPU
		{B67929AF-1C7B-44A3-A683-BDB2938BC5CB}.Release|Android.ActiveCfg = Release|Any CPU
		{B67929AF-1C7B-44A3-A683-BDB2938BC5CB}.Release|Android.Build.0 = Release|Any CPU
		{B67929AF-1C7B-44A3-A683-BDB2938BC5CB}.Release|Any CPU.ActiveCfg = Release|Any CPU
		{B67929AF-1C7B-44A3-A683-BDB2938BC5CB}.Release|Any CPU.Build.0 = Release|Any CPU
		{B67929AF-1C7B-44A3-A683-BDB2938BC5CB}.Release|iOS.ActiveCfg = Release|Any CPU
		{B67929AF-1C7B-44A3-A683-BDB2938BC5CB}.Release|iOS.Build.0 = Release|Any CPU
		{B67929AF-1C7B-44A3-A683-BDB2938BC5CB}.Release|Windows-ARM.ActiveCfg = Release|Any CPU
		{B67929AF-1C7B-44A3-A683-BDB2938BC5CB}.Release|Windows-ARM.Build.0 = Release|Any CPU
		{B67929AF-1C7B-44A3-A683-BDB2938BC5CB}.Release|Windows-x64.ActiveCfg = Release|Any CPU
		{B67929AF-1C7B-44A3-A683-BDB2938BC5CB}.Release|Windows-x64.Build.0 = Release|Any CPU
		{B67929AF-1C7B-44A3-A683-BDB2938BC5CB}.Release|Windows-x86.ActiveCfg = Release|Any CPU
		{B67929AF-1C7B-44A3-A683-BDB2938BC5CB}.Release|Windows-x86.Build.0 = Release|Any CPU
		{E781E5AE-8541-4532-9B9B-CD30E46E8D6C}.Debug|Android.ActiveCfg = Debug|Any CPU
		{E781E5AE-8541-4532-9B9B-CD30E46E8D6C}.Debug|Android.Build.0 = Debug|Any CPU
		{E781E5AE-8541-4532-9B9B-CD30E46E8D6C}.Debug|Any CPU.ActiveCfg = Debug|Any CPU
		{E781E5AE-8541-4532-9B9B-CD30E46E8D6C}.Debug|Any CPU.Build.0 = Debug|Any CPU
		{E781E5AE-8541-4532-9B9B-CD30E46E8D6C}.Debug|iOS.ActiveCfg = Debug|Any CPU
		{E781E5AE-8541-4532-9B9B-CD30E46E8D6C}.Debug|iOS.Build.0 = Debug|Any CPU
		{E781E5AE-8541-4532-9B9B-CD30E46E8D6C}.Debug|Windows-ARM.ActiveCfg = Debug|Any CPU
		{E781E5AE-8541-4532-9B9B-CD30E46E8D6C}.Debug|Windows-ARM.Build.0 = Debug|Any CPU
		{E781E5AE-8541-4532-9B9B-CD30E46E8D6C}.Debug|Windows-x64.ActiveCfg = Debug|Any CPU
		{E781E5AE-8541-4532-9B9B-CD30E46E8D6C}.Debug|Windows-x64.Build.0 = Debug|Any CPU
		{E781E5AE-8541-4532-9B9B-CD30E46E8D6C}.Debug|Windows-x86.ActiveCfg = Debug|Any CPU
		{E781E5AE-8541-4532-9B9B-CD30E46E8D6C}.Debug|Windows-x86.Build.0 = Debug|Any CPU
		{E781E5AE-8541-4532-9B9B-CD30E46E8D6C}.Release|Android.ActiveCfg = Release|Any CPU
		{E781E5AE-8541-4532-9B9B-CD30E46E8D6C}.Release|Android.Build.0 = Release|Any CPU
		{E781E5AE-8541-4532-9B9B-CD30E46E8D6C}.Release|Any CPU.ActiveCfg = Release|Any CPU
		{E781E5AE-8541-4532-9B9B-CD30E46E8D6C}.Release|Any CPU.Build.0 = Release|Any CPU
		{E781E5AE-8541-4532-9B9B-CD30E46E8D6C}.Release|iOS.ActiveCfg = Release|Any CPU
		{E781E5AE-8541-4532-9B9B-CD30E46E8D6C}.Release|iOS.Build.0 = Release|Any CPU
		{E781E5AE-8541-4532-9B9B-CD30E46E8D6C}.Release|Windows-ARM.ActiveCfg = Release|Any CPU
		{E781E5AE-8541-4532-9B9B-CD30E46E8D6C}.Release|Windows-ARM.Build.0 = Release|Any CPU
		{E781E5AE-8541-4532-9B9B-CD30E46E8D6C}.Release|Windows-x64.ActiveCfg = Release|Any CPU
		{E781E5AE-8541-4532-9B9B-CD30E46E8D6C}.Release|Windows-x64.Build.0 = Release|Any CPU
		{E781E5AE-8541-4532-9B9B-CD30E46E8D6C}.Release|Windows-x86.ActiveCfg = Release|Any CPU
		{E781E5AE-8541-4532-9B9B-CD30E46E8D6C}.Release|Windows-x86.Build.0 = Release|Any CPU
		{D94D568E-C91D-4BDD-A5D3-D954EC9D9E94}.Debug|Android.ActiveCfg = Debug|Any CPU
		{D94D568E-C91D-4BDD-A5D3-D954EC9D9E94}.Debug|Android.Build.0 = Debug|Any CPU
		{D94D568E-C91D-4BDD-A5D3-D954EC9D9E94}.Debug|Any CPU.ActiveCfg = Debug|Any CPU
		{D94D568E-C91D-4BDD-A5D3-D954EC9D9E94}.Debug|Any CPU.Build.0 = Debug|Any CPU
		{D94D568E-C91D-4BDD-A5D3-D954EC9D9E94}.Debug|iOS.ActiveCfg = Debug|Any CPU
		{D94D568E-C91D-4BDD-A5D3-D954EC9D9E94}.Debug|iOS.Build.0 = Debug|Any CPU
		{D94D568E-C91D-4BDD-A5D3-D954EC9D9E94}.Debug|Windows-ARM.ActiveCfg = Debug|Any CPU
		{D94D568E-C91D-4BDD-A5D3-D954EC9D9E94}.Debug|Windows-ARM.Build.0 = Debug|Any CPU
		{D94D568E-C91D-4BDD-A5D3-D954EC9D9E94}.Debug|Windows-x64.ActiveCfg = Debug|Any CPU
		{D94D568E-C91D-4BDD-A5D3-D954EC9D9E94}.Debug|Windows-x64.Build.0 = Debug|Any CPU
		{D94D568E-C91D-4BDD-A5D3-D954EC9D9E94}.Debug|Windows-x86.ActiveCfg = Debug|Any CPU
		{D94D568E-C91D-4BDD-A5D3-D954EC9D9E94}.Debug|Windows-x86.Build.0 = Debug|Any CPU
		{D94D568E-C91D-4BDD-A5D3-D954EC9D9E94}.Release|Android.ActiveCfg = Release|Any CPU
		{D94D568E-C91D-4BDD-A5D3-D954EC9D9E94}.Release|Android.Build.0 = Release|Any CPU
		{D94D568E-C91D-4BDD-A5D3-D954EC9D9E94}.Release|Any CPU.ActiveCfg = Release|Any CPU
		{D94D568E-C91D-4BDD-A5D3-D954EC9D9E94}.Release|Any CPU.Build.0 = Release|Any CPU
		{D94D568E-C91D-4BDD-A5D3-D954EC9D9E94}.Release|iOS.ActiveCfg = Release|Any CPU
		{D94D568E-C91D-4BDD-A5D3-D954EC9D9E94}.Release|iOS.Build.0 = Release|Any CPU
		{D94D568E-C91D-4BDD-A5D3-D954EC9D9E94}.Release|Windows-ARM.ActiveCfg = Release|Any CPU
		{D94D568E-C91D-4BDD-A5D3-D954EC9D9E94}.Release|Windows-ARM.Build.0 = Release|Any CPU
		{D94D568E-C91D-4BDD-A5D3-D954EC9D9E94}.Release|Windows-x64.ActiveCfg = Release|Any CPU
		{D94D568E-C91D-4BDD-A5D3-D954EC9D9E94}.Release|Windows-x64.Build.0 = Release|Any CPU
		{D94D568E-C91D-4BDD-A5D3-D954EC9D9E94}.Release|Windows-x86.ActiveCfg = Release|Any CPU
		{D94D568E-C91D-4BDD-A5D3-D954EC9D9E94}.Release|Windows-x86.Build.0 = Release|Any CPU
		{C71C037D-0228-453C-9646-5C479992A706}.Debug|Android.ActiveCfg = Debug|Any CPU
		{C71C037D-0228-453C-9646-5C479992A706}.Debug|Android.Build.0 = Debug|Any CPU
		{C71C037D-0228-453C-9646-5C479992A706}.Debug|Any CPU.ActiveCfg = Debug|Any CPU
		{C71C037D-0228-453C-9646-5C479992A706}.Debug|Any CPU.Build.0 = Debug|Any CPU
		{C71C037D-0228-453C-9646-5C479992A706}.Debug|iOS.ActiveCfg = Debug|Any CPU
		{C71C037D-0228-453C-9646-5C479992A706}.Debug|iOS.Build.0 = Debug|Any CPU
		{C71C037D-0228-453C-9646-5C479992A706}.Debug|Windows-ARM.ActiveCfg = Debug|Any CPU
		{C71C037D-0228-453C-9646-5C479992A706}.Debug|Windows-ARM.Build.0 = Debug|Any CPU
		{C71C037D-0228-453C-9646-5C479992A706}.Debug|Windows-x64.ActiveCfg = Debug|Any CPU
		{C71C037D-0228-453C-9646-5C479992A706}.Debug|Windows-x64.Build.0 = Debug|Any CPU
		{C71C037D-0228-453C-9646-5C479992A706}.Debug|Windows-x86.ActiveCfg = Debug|Any CPU
		{C71C037D-0228-453C-9646-5C479992A706}.Debug|Windows-x86.Build.0 = Debug|Any CPU
		{C71C037D-0228-453C-9646-5C479992A706}.Release|Android.ActiveCfg = Release|Any CPU
		{C71C037D-0228-453C-9646-5C479992A706}.Release|Android.Build.0 = Release|Any CPU
		{C71C037D-0228-453C-9646-5C479992A706}.Release|Any CPU.ActiveCfg = Release|Any CPU
		{C71C037D-0228-453C-9646-5C479992A706}.Release|Any CPU.Build.0 = Release|Any CPU
		{C71C037D-0228-453C-9646-5C479992A706}.Release|iOS.ActiveCfg = Release|Any CPU
		{C71C037D-0228-453C-9646-5C479992A706}.Release|iOS.Build.0 = Release|Any CPU
		{C71C037D-0228-453C-9646-5C479992A706}.Release|Windows-ARM.ActiveCfg = Release|Any CPU
		{C71C037D-0228-453C-9646-5C479992A706}.Release|Windows-ARM.Build.0 = Release|Any CPU
		{C71C037D-0228-453C-9646-5C479992A706}.Release|Windows-x64.ActiveCfg = Release|Any CPU
		{C71C037D-0228-453C-9646-5C479992A706}.Release|Windows-x64.Build.0 = Release|Any CPU
		{C71C037D-0228-453C-9646-5C479992A706}.Release|Windows-x86.ActiveCfg = Release|Any CPU
		{C71C037D-0228-453C-9646-5C479992A706}.Release|Windows-x86.Build.0 = Release|Any CPU
		{97F3C36C-BEF0-4E7E-9128-6198D3540584}.Debug|Android.ActiveCfg = Debug|Any CPU
		{97F3C36C-BEF0-4E7E-9128-6198D3540584}.Debug|Android.Build.0 = Debug|Any CPU
		{97F3C36C-BEF0-4E7E-9128-6198D3540584}.Debug|Android.Deploy.0 = Debug|Any CPU
		{97F3C36C-BEF0-4E7E-9128-6198D3540584}.Debug|Any CPU.ActiveCfg = Debug|Any CPU
		{97F3C36C-BEF0-4E7E-9128-6198D3540584}.Debug|Any CPU.Build.0 = Debug|Any CPU
		{97F3C36C-BEF0-4E7E-9128-6198D3540584}.Debug|Any CPU.Deploy.0 = Debug|Any CPU
		{97F3C36C-BEF0-4E7E-9128-6198D3540584}.Debug|iOS.ActiveCfg = Debug|Any CPU
		{97F3C36C-BEF0-4E7E-9128-6198D3540584}.Debug|iOS.Build.0 = Debug|Any CPU
		{97F3C36C-BEF0-4E7E-9128-6198D3540584}.Debug|iOS.Deploy.0 = Debug|Any CPU
		{97F3C36C-BEF0-4E7E-9128-6198D3540584}.Debug|Windows-ARM.ActiveCfg = Debug|Any CPU
		{97F3C36C-BEF0-4E7E-9128-6198D3540584}.Debug|Windows-ARM.Build.0 = Debug|Any CPU
		{97F3C36C-BEF0-4E7E-9128-6198D3540584}.Debug|Windows-ARM.Deploy.0 = Debug|Any CPU
		{97F3C36C-BEF0-4E7E-9128-6198D3540584}.Debug|Windows-x64.ActiveCfg = Debug|Any CPU
		{97F3C36C-BEF0-4E7E-9128-6198D3540584}.Debug|Windows-x64.Build.0 = Debug|Any CPU
		{97F3C36C-BEF0-4E7E-9128-6198D3540584}.Debug|Windows-x64.Deploy.0 = Debug|Any CPU
		{97F3C36C-BEF0-4E7E-9128-6198D3540584}.Debug|Windows-x86.ActiveCfg = Debug|Any CPU
		{97F3C36C-BEF0-4E7E-9128-6198D3540584}.Debug|Windows-x86.Build.0 = Debug|Any CPU
		{97F3C36C-BEF0-4E7E-9128-6198D3540584}.Debug|Windows-x86.Deploy.0 = Debug|Any CPU
		{97F3C36C-BEF0-4E7E-9128-6198D3540584}.Release|Android.ActiveCfg = Release|Any CPU
		{97F3C36C-BEF0-4E7E-9128-6198D3540584}.Release|Android.Build.0 = Release|Any CPU
		{97F3C36C-BEF0-4E7E-9128-6198D3540584}.Release|Android.Deploy.0 = Release|Any CPU
		{97F3C36C-BEF0-4E7E-9128-6198D3540584}.Release|Any CPU.ActiveCfg = Release|Any CPU
		{97F3C36C-BEF0-4E7E-9128-6198D3540584}.Release|Any CPU.Build.0 = Release|Any CPU
		{97F3C36C-BEF0-4E7E-9128-6198D3540584}.Release|Any CPU.Deploy.0 = Release|Any CPU
		{97F3C36C-BEF0-4E7E-9128-6198D3540584}.Release|iOS.ActiveCfg = Release|Any CPU
		{97F3C36C-BEF0-4E7E-9128-6198D3540584}.Release|iOS.Build.0 = Release|Any CPU
		{97F3C36C-BEF0-4E7E-9128-6198D3540584}.Release|iOS.Deploy.0 = Release|Any CPU
		{97F3C36C-BEF0-4E7E-9128-6198D3540584}.Release|Windows-ARM.ActiveCfg = Release|Any CPU
		{97F3C36C-BEF0-4E7E-9128-6198D3540584}.Release|Windows-ARM.Build.0 = Release|Any CPU
		{97F3C36C-BEF0-4E7E-9128-6198D3540584}.Release|Windows-ARM.Deploy.0 = Release|Any CPU
		{97F3C36C-BEF0-4E7E-9128-6198D3540584}.Release|Windows-x64.ActiveCfg = Release|Any CPU
		{97F3C36C-BEF0-4E7E-9128-6198D3540584}.Release|Windows-x64.Build.0 = Release|Any CPU
		{97F3C36C-BEF0-4E7E-9128-6198D3540584}.Release|Windows-x64.Deploy.0 = Release|Any CPU
		{97F3C36C-BEF0-4E7E-9128-6198D3540584}.Release|Windows-x86.ActiveCfg = Release|Any CPU
		{97F3C36C-BEF0-4E7E-9128-6198D3540584}.Release|Windows-x86.Build.0 = Release|Any CPU
		{97F3C36C-BEF0-4E7E-9128-6198D3540584}.Release|Windows-x86.Deploy.0 = Release|Any CPU
	EndGlobalSection
	GlobalSection(SolutionProperties) = preSolution
		HideSolutionNode = FALSE
	EndGlobalSection
	GlobalSection(ExtensibilityGlobals) = postSolution
		SolutionGuid = {69D76D5F-9F39-47EE-BD13-14C72FA33152}
	EndGlobalSection
EndGlobal
