
Microsoft Visual Studio Solution File, Format Version 12.00
# Visual Studio 15
VisualStudioVersion = 15.0.27703.2018
MinimumVisualStudioVersion = 10.0.40219.1
Project("{FAE04EC0-301F-11D3-BF4B-00C04F79EFBC}") = "SimplePuzzles", "SimplePuzzles\SimplePuzzles.csproj", "{76B08CB6-E8FB-42F3-80D6-50BF6922767B}"
EndProject
Global
	GlobalSection(SolutionConfigurationPlatforms) = preSolution
		Debug|Any CPU = Debug|Any CPU
		Release|Any CPU = Release|Any CPU
	EndGlobalSection
	GlobalSection(ProjectConfigurationPlatforms) = postSolution
		{76B08CB6-E8FB-42F3-80D6-50BF6922767B}.Debug|Any CPU.ActiveCfg = Debug|Any CPU
		{76B08CB6-E8FB-42F3-80D6-50BF6922767B}.Debug|Any CPU.Build.0 = Debug|Any CPU
		{76B08CB6-E8FB-42F3-80D6-50BF6922767B}.Release|Any CPU.ActiveCfg = Release|Any CPU
		{76B08CB6-E8FB-42F3-80D6-50BF6922767B}.Release|Any CPU.Build.0 = Release|Any CPU
	EndGlobalSection
	GlobalSection(SolutionProperties) = preSolution
		HideSolutionNode = FALSE
	EndGlobalSection
	GlobalSection(ExtensibilityGlobals) = postSolution
		SolutionGuid = {843C7078-176D-4ABA-B6E8-D076D3634148}
	EndGlobalSection
EndGlobal
