
Microsoft Visual Studio Solution File, Format Version 12.00
# Visual Studio 14
VisualStudioVersion = 14.0.24720.0
MinimumVisualStudioVersion = 10.0.40219.1
Project("{FAE04EC0-301F-11D3-BF4B-00C04F79EFBC}") = "MvcMusicApp", "MvcMusicApp\MvcMusicApp.csproj", "{0BD29927-B1B2-473E-9A33-AE930DEF42B6}"
EndProject
Project("{FAE04EC0-301F-11D3-BF4B-00C04F79EFBC}") = "MvcMusicApp.Tests", "MvcMusicApp.Tests\MvcMusicApp.Tests.csproj", "{DB75306F-CF6F-482E-B9A8-E7AA671CEB7C}"
EndProject
Global
	GlobalSection(SolutionConfigurationPlatforms) = preSolution
		Debug|Any CPU = Debug|Any CPU
		Release|Any CPU = Release|Any CPU
	EndGlobalSection
	GlobalSection(ProjectConfigurationPlatforms) = postSolution
		{0BD29927-B1B2-473E-9A33-AE930DEF42B6}.Debug|Any CPU.ActiveCfg = Debug|Any CPU
		{0BD29927-B1B2-473E-9A33-AE930DEF42B6}.Debug|Any CPU.Build.0 = Debug|Any CPU
		{0BD29927-B1B2-473E-9A33-AE930DEF42B6}.Release|Any CPU.ActiveCfg = Release|Any CPU
		{0BD29927-B1B2-473E-9A33-AE930DEF42B6}.Release|Any CPU.Build.0 = Release|Any CPU
		{DB75306F-CF6F-482E-B9A8-E7AA671CEB7C}.Debug|Any CPU.ActiveCfg = Debug|Any CPU
		{DB75306F-CF6F-482E-B9A8-E7AA671CEB7C}.Debug|Any CPU.Build.0 = Debug|Any CPU
		{DB75306F-CF6F-482E-B9A8-E7AA671CEB7C}.Release|Any CPU.ActiveCfg = Release|Any CPU
		{DB75306F-CF6F-482E-B9A8-E7AA671CEB7C}.Release|Any CPU.Build.0 = Release|Any CPU
	EndGlobalSection
	GlobalSection(SolutionProperties) = preSolution
		HideSolutionNode = FALSE
	EndGlobalSection
EndGlobal
