
Microsoft Visual Studio Solution File, Format Version 12.00
# Visual Studio 15
VisualStudioVersion = 15.0.27703.2018
MinimumVisualStudioVersion = 10.0.40219.1
Project("{FAE04EC0-301F-11D3-BF4B-00C04F79EFBC}") = "SampleWebApiSol", "SampleWebApiSol\SampleWebApiSol.csproj", "{58B7F996-8B72-49C3-B33B-525F567BDE1A}"
EndProject
Project("{FAE04EC0-301F-11D3-BF4B-00C04F79EFBC}") = "sampleWebApiClassic", "sampleWebApiClassic\sampleWebApiClassic.csproj", "{898F190D-FB8B-4F5A-A25F-B8B8355EBEF2}"
EndProject
Global
	GlobalSection(SolutionConfigurationPlatforms) = preSolution
		Debug|Any CPU = Debug|Any CPU
		Release|Any CPU = Release|Any CPU
	EndGlobalSection
	GlobalSection(ProjectConfigurationPlatforms) = postSolution
		{58B7F996-8B72-49C3-B33B-525F567BDE1A}.Debug|Any CPU.ActiveCfg = Debug|Any CPU
		{58B7F996-8B72-49C3-B33B-525F567BDE1A}.Debug|Any CPU.Build.0 = Debug|Any CPU
		{58B7F996-8B72-49C3-B33B-525F567BDE1A}.Release|Any CPU.ActiveCfg = Release|Any CPU
		{58B7F996-8B72-49C3-B33B-525F567BDE1A}.Release|Any CPU.Build.0 = Release|Any CPU
		{898F190D-FB8B-4F5A-A25F-B8B8355EBEF2}.Debug|Any CPU.ActiveCfg = Debug|Any CPU
		{898F190D-FB8B-4F5A-A25F-B8B8355EBEF2}.Debug|Any CPU.Build.0 = Debug|Any CPU
		{898F190D-FB8B-4F5A-A25F-B8B8355EBEF2}.Release|Any CPU.ActiveCfg = Release|Any CPU
		{898F190D-FB8B-4F5A-A25F-B8B8355EBEF2}.Release|Any CPU.Build.0 = Release|Any CPU
	EndGlobalSection
	GlobalSection(SolutionProperties) = preSolution
		HideSolutionNode = FALSE
	EndGlobalSection
	GlobalSection(ExtensibilityGlobals) = postSolution
		SolutionGuid = {B78CEEBE-F473-4A84-967B-BB28A9CA6DBA}
	EndGlobalSection
EndGlobal
