
Microsoft Visual Studio Solution File, Format Version 12.00
# Visual Studio 15
VisualStudioVersion = 15.0.27703.2018
MinimumVisualStudioVersion = 10.0.40219.1
Project("{9A19103F-16F7-4668-BE54-9A1E7A4F7556}") = "ImgToTextLambda", "ImgToTextLambda\ImgToTextLambda.csproj", "{7ADBC5BF-349D-4B45-9FE1-197FE49A7ED1}"
EndProject
Project("{9A19103F-16F7-4668-BE54-9A1E7A4F7556}") = "ImgToTextLambda.Tests", "ImgToTextLambda.Tests\ImgToTextLambda.Tests.csproj", "{780CCB5F-253D-4E40-8CDD-A24BEAD50254}"
EndProject
Global
	GlobalSection(SolutionConfigurationPlatforms) = preSolution
		Debug|Any CPU = Debug|Any CPU
		Release|Any CPU = Release|Any CPU
	EndGlobalSection
	GlobalSection(ProjectConfigurationPlatforms) = postSolution
		{7ADBC5BF-349D-4B45-9FE1-197FE49A7ED1}.Debug|Any CPU.ActiveCfg = Debug|Any CPU
		{7ADBC5BF-349D-4B45-9FE1-197FE49A7ED1}.Debug|Any CPU.Build.0 = Debug|Any CPU
		{7ADBC5BF-349D-4B45-9FE1-197FE49A7ED1}.Release|Any CPU.ActiveCfg = Release|Any CPU
		{7ADBC5BF-349D-4B45-9FE1-197FE49A7ED1}.Release|Any CPU.Build.0 = Release|Any CPU
		{780CCB5F-253D-4E40-8CDD-A24BEAD50254}.Debug|Any CPU.ActiveCfg = Debug|Any CPU
		{780CCB5F-253D-4E40-8CDD-A24BEAD50254}.Debug|Any CPU.Build.0 = Debug|Any CPU
		{780CCB5F-253D-4E40-8CDD-A24BEAD50254}.Release|Any CPU.ActiveCfg = Release|Any CPU
		{780CCB5F-253D-4E40-8CDD-A24BEAD50254}.Release|Any CPU.Build.0 = Release|Any CPU
	EndGlobalSection
	GlobalSection(SolutionProperties) = preSolution
		HideSolutionNode = FALSE
	EndGlobalSection
	GlobalSection(ExtensibilityGlobals) = postSolution
		SolutionGuid = {21B46D12-218A-48F7-9265-1FB00AC5FDD4}
	EndGlobalSection
EndGlobal
