
Microsoft Visual Studio Solution File, Format Version 12.00
# Visual Studio 15
VisualStudioVersion = 15.0.27004.2009
MinimumVisualStudioVersion = 10.0.40219.1
Project("{FAE04EC0-301F-11D3-BF4B-00C04F79EFBC}") = "QuizMay182018", "QuizMay182018.csproj", "{523BAB05-B765-4D7D-9A1F-708B9326609F}"
EndProject
Global
	GlobalSection(SolutionConfigurationPlatforms) = preSolution
		Debug|Any CPU = Debug|Any CPU
		Release|Any CPU = Release|Any CPU
	EndGlobalSection
	GlobalSection(ProjectConfigurationPlatforms) = postSolution
		{523BAB05-B765-4D7D-9A1F-708B9326609F}.Debug|Any CPU.ActiveCfg = Debug|Any CPU
		{523BAB05-B765-4D7D-9A1F-708B9326609F}.Debug|Any CPU.Build.0 = Debug|Any CPU
		{523BAB05-B765-4D7D-9A1F-708B9326609F}.Release|Any CPU.ActiveCfg = Release|Any CPU
		{523BAB05-B765-4D7D-9A1F-708B9326609F}.Release|Any CPU.Build.0 = Release|Any CPU
	EndGlobalSection
	GlobalSection(SolutionProperties) = preSolution
		HideSolutionNode = FALSE
	EndGlobalSection
	GlobalSection(ExtensibilityGlobals) = postSolution
		SolutionGuid = {2827EAE9-7310-41DC-8296-8C994CF12CD3}
	EndGlobalSection
EndGlobal
